{
  "lockfileVersion": 1,
  "geanies": {
    "game_loop": {
      "wish": 179,
      "sha": "c30a7a54b8b746eeaf390b11a565bb0193407f6d",
      "boundAt": "2026-09-29T16:46:35.417468",
      "installedSha": "c30a7a54b8b746eeaf390b11a565bb0193407f6d",
      "origin": "git@github.com:SupposedlySam/game_loop.git"
    },
    "llm_chat": {
      "wish": 53,
      "sha": "17eddc6dc44ccab3c2d473ab2eb03a4b3b29d44d",
      "boundAt": "2026-10-07T14:08:25.444282",
      "installedSha": "17eddc6dc44ccab3c2d473ab2eb03a4b3b29d44d",
      "origin": "git@github.com:SupposedlySam/llm_chat.git",
      "history": [
        {
          "wish": 48,
          "sha": "e1e411f6ea753ff79064334daca61d9748fe770c",
          "boundAt": "2026-09-29T16:46:25.557410"
        },
        {
          "wish": 51,
          "sha": "8bd6f2d00aa623aedc9afe6a151ce17027389b29",
          "boundAt": "2026-10-07T13:26:58.268230"
        },
        {
          "wish": 52,
          "sha": "3d29e6fb8ec964218c25acc1b3b53eb04b9f8c33",
          "boundAt": "2026-10-07T13:47:42.610080"
        }
      ]
    },
    "showrunner": {
      "wish": 161,
      "sha": "1daffe74a79981a5aa53df0e7f246daa93bda588",
      "boundAt": "2026-09-29T16:46:30.566456",
      "installedSha": "1daffe74a79981a5aa53df0e7f246daa93bda588",
      "origin": "https://github.com/SupposedlySam/showrunner.git"
    }
  }
}
